# THIS IS AN AUTOGENERATED FILE. DO NOT EDIT THIS FILE DIRECTLY.
# yarn lockfile v1
# bun ./bun.lockb --hash: 02349ACB444B952A-9c5563f65855a4ff-FE06CC226815F889-b8ae883f3cb60423


"@types/node@*":
  version "20.11.30"
  resolved "https://registry.npmjs.org/@types/node/-/node-20.11.30.tgz"
  integrity sha512-dHM6ZxwlmuZaRmUPfv1p+KrdD1Dci04FbdEm/9wEMouFqxYoFl5aMkt0VMAUtYRQDyYvD41WJLukhq/ha3YuTw==
  dependencies:
    undici-types "~5.26.4"

"@types/ws@^8.5.9":
  version "8.5.10"
  resolved "https://registry.npmjs.org/@types/ws/-/ws-8.5.10.tgz"
  integrity sha512-vmQSUcfalpIq0R9q7uTo2lXs6eGIpt9wtnLdMv9LVpIjCA/+ufZRozlVoVelIYixx1ugCBKDhn89vnsEGOCx9A==
  dependencies:
    "@types/node" "*"

php-parser@^3.1.5:
  version "3.1.5"
  resolved "https://registry.npmjs.org/php-parser/-/php-parser-3.1.5.tgz"
  integrity sha512-jEY2DcbgCm5aclzBdfW86GM6VEIWcSlhTBSHN1qhJguVePlYe28GhwS0yoeLYXpM2K8y6wzLwrbq814n2PHSoQ==

tmp@^0.2.0:
  version "0.2.3"
  resolved "https://registry.npmjs.org/tmp/-/tmp-0.2.3.tgz"
  integrity sha512-nZD7m9iCPC5g0pYmcaxogYKggSfLsdxl8of3Q/oIbqCqLLIO9IAF0GWjX1z9NZRHPiXv8Wex4yDCaZsgEw0Y8w==

tmp-promise@^3.0.3:
  version "3.0.3"
  resolved "https://registry.npmjs.org/tmp-promise/-/tmp-promise-3.0.3.tgz"
  integrity sha512-RwM7MoPojPxsOBYnyd2hy0bxtIlVrihNs9pj5SUvY8Zz1sQcQG2tG1hSr8PDxfgEB8RNKDhqbIlroIarSNDNsQ==
  dependencies:
    tmp "^0.2.0"

undici-types@~5.26.4:
  version "5.26.5"
  resolved "https://registry.npmjs.org/undici-types/-/undici-types-5.26.5.tgz"
  integrity sha512-JlCMO+ehdEIKqlFxk6IfVoAUVmgz7cU7zD/h9XZ0qzeosSHmUJVOzSQvvYSYWXkFXC+IfLKSIffhv0sVZup6pA==

vscode-jsonrpc@8.1.0:
  version "8.1.0"
  resolved "https://registry.npmjs.org/vscode-jsonrpc/-/vscode-jsonrpc-8.1.0.tgz"
  integrity sha512-6TDy/abTQk+zDGYazgbIPc+4JoXdwC8NHU9Pbn4UJP1fehUyZmM4RHp5IthX7A6L5KS30PRui+j+tbbMMMafdw==

vscode-languageserver@^8.0.1:
  version "8.1.0"
  resolved "https://registry.npmjs.org/vscode-languageserver/-/vscode-languageserver-8.1.0.tgz"
  integrity sha512-eUt8f1z2N2IEUDBsKaNapkz7jl5QpskN2Y0G01T/ItMxBxw1fJwvtySGB9QMecatne8jFIWJGWI61dWjyTLQsw==
  dependencies:
    vscode-languageserver-protocol "3.17.3"

vscode-languageserver-protocol@3.17.3:
  version "3.17.3"
  resolved "https://registry.npmjs.org/vscode-languageserver-protocol/-/vscode-languageserver-protocol-3.17.3.tgz"
  integrity sha512-924/h0AqsMtA5yK22GgMtCYiMdCOtWTSGgUOkgEDX+wk2b0x4sAfLiO4NxBxqbiVtz7K7/1/RgVrVI0NClZwqA==
  dependencies:
    vscode-jsonrpc "8.1.0"
    vscode-languageserver-types "3.17.3"

vscode-languageserver-textdocument@^1.0.5:
  version "1.0.11"
  resolved "https://registry.npmjs.org/vscode-languageserver-textdocument/-/vscode-languageserver-textdocument-1.0.11.tgz"
  integrity sha512-X+8T3GoiwTVlJbicx/sIAF+yuJAqz8VvwJyoMVhwEMoEKE/fkDmrqUgDMyBECcM2A2frVZIUj5HI/ErRXCfOeA==

vscode-languageserver-types@3.17.3:
  version "3.17.3"
  resolved "https://registry.npmjs.org/vscode-languageserver-types/-/vscode-languageserver-types-3.17.3.tgz"
  integrity sha512-SYU4z1dL0PyIMd4Vj8YOqFvHu7Hz/enbWtpfnVbJHU4Nd1YNYx8u0ennumc6h48GQNeOLxmwySmnADouT/AuZA==

vscode-uri@^3.0.3:
  version "3.0.8"
  resolved "https://registry.npmjs.org/vscode-uri/-/vscode-uri-3.0.8.tgz"
  integrity sha512-AyFQ0EVmsOZOlAnxoFOGOq1SQDWAB7C6aqMGS23svWAllfOaxbuFvcT8D1i8z3Gyn8fraVeZNNmN6e9bxxXkKw==

ws@^8.14.2:
  version "8.16.0"
  resolved "https://registry.npmjs.org/ws/-/ws-8.16.0.tgz"
  integrity sha512-HS0c//TP7Ina87TfiPUz1rQzMhHrl/SG2guqRcTOIUYD2q8uhUdNHZYJUaQ8aTGPzCh+c6oawMKW35nFl1dxyQ==
